
Microsoft Visual Studio Solution File, Format Version 12.00
# Visual Studio Version 17
VisualStudioVersion = 17.2.32602.215
MinimumVisualStudioVersion = 10.0.40219.1
Project("{2150E333-8FDC-42A3-9474-1A3956D46DE8}") = "src", "src", "{27EBF1FC-6F0E-4A78-B090-4F225CAF70F2}"
EndProject
Project("{2150E333-8FDC-42A3-9474-1A3956D46DE8}") = "test", "test", "{CF07DC73-7369-4E64-A5DC-E8AD81220F8A}"
EndProject
Project("{2150E333-8FDC-42A3-9474-1A3956D46DE8}") = "API", "API", "{7E3CF667-CF01-43CD-8AD1-1C1995D4EDD5}"
EndProject
Project("{2150E333-8FDC-42A3-9474-1A3956D46DE8}") = "Core", "Core", "{5CED70D5-C35D-4999-A3E3-A9FFBAF69FC1}"
EndProject
Project("{2150E333-8FDC-42A3-9474-1A3956D46DE8}") = "Infrastructure", "Infrastructure", "{6CFAD8C1-21FD-49B5-B998-CD223DE8E266}"
EndProject
Project("{2150E333-8FDC-42A3-9474-1A3956D46DE8}") = "UI", "UI", "{5D383577-F897-4EA1-8954-BC33C721D8F2}"
EndProject
Project("{9A19103F-16F7-4668-BE54-9A1E7A4F7556}") = "GloboTicket.TicketManagement.Domain", "GloboTicket.TicketManagement.Domain\GloboTicket.TicketManagement.Domain.csproj", "{E2B46529-6538-4597-AC37-2CC2CCB31325}"
EndProject
Project("{9A19103F-16F7-4668-BE54-9A1E7A4F7556}") = "GloboTicket.TicketManagement.Application", "GloboTicket.TicketManagement.Application\GloboTicket.TicketManagement.Application.csproj", "{27615256-3563-46BC-8D3C-558509C5409D}"
EndProject
Project("{9A19103F-16F7-4668-BE54-9A1E7A4F7556}") = "GloboTicket.TicketManagement.Persistence", "GloboTicket.TicketManagement.Persistence\GloboTicket.TicketManagement.Persistence.csproj", "{CB6006FE-41BB-450B-8050-2B3F07C140E6}"
EndProject
Project("{9A19103F-16F7-4668-BE54-9A1E7A4F7556}") = "GloboTicket.TicketManagement.Infrastructure", "GloboTicket.TicketManagement.Infrastructure\GloboTicket.TicketManagement.Infrastructure.csproj", "{AB9708B7-8BAA-4739-B16D-B45DAFDA5F03}"
EndProject
Project("{9A19103F-16F7-4668-BE54-9A1E7A4F7556}") = "GloboTicket.TicketManagement.Api", "GloboTicket.TicketManagement.Api\GloboTicket.TicketManagement.Api.csproj", "{CB162390-D220-46BF-A794-D2F932F23157}"
EndProject
Project("{9A19103F-16F7-4668-BE54-9A1E7A4F7556}") = "GloboTicket.TicketManagement.Application.UnitTests", "GloboTicket.TicketManagement.Application.UnitTests\GloboTicket.TicketManagement.Application.UnitTests.csproj", "{DBA0EDCA-3C93-449E-A7EF-F5D084ADE42B}"
EndProject
Project("{FAE04EC0-301F-11D3-BF4B-00C04F79EFBC}") = "GloboTicket.TicketManagement.Persistence.IntegrationTests", "GloboTicket.TicketManagement.Persistence.IntegrationTests\GloboTicket.TicketManagement.Persistence.IntegrationTests.csproj", "{6BC3D87F-8A11-4369-B2F8-CA622400BA0E}"
EndProject
Project("{FAE04EC0-301F-11D3-BF4B-00C04F79EFBC}") = "GloboTicket.TicketManagement.API.IntegrationTests", "GloboTicket.TicketManagement.API.IntegrationTests\GloboTicket.TicketManagement.API.IntegrationTests.csproj", "{952B3988-B656-448A-94F5-FBBF0C766B0A}"
EndProject
Project("{FAE04EC0-301F-11D3-BF4B-00C04F79EFBC}") = "GloboTicket.TicketManagement.App", "GloboTicket.TicketManagement.App\GloboTicket.TicketManagement.App.csproj", "{E8C8EC6D-2A44-4CFE-99FB-9A9FABCCE394}"
EndProject
Global
	GlobalSection(SolutionConfigurationPlatforms) = preSolution
		Debug|Any CPU = Debug|Any CPU
		Release|Any CPU = Release|Any CPU
	EndGlobalSection
	GlobalSection(ProjectConfigurationPlatforms) = postSolution
		{E2B46529-6538-4597-AC37-2CC2CCB31325}.Debug|Any CPU.ActiveCfg = Debug|Any CPU
		{E2B46529-6538-4597-AC37-2CC2CCB31325}.Debug|Any CPU.Build.0 = Debug|Any CPU
		{E2B46529-6538-4597-AC37-2CC2CCB31325}.Release|Any CPU.ActiveCfg = Release|Any CPU
		{E2B46529-6538-4597-AC37-2CC2CCB31325}.Release|Any CPU.Build.0 = Release|Any CPU
		{27615256-3563-46BC-8D3C-558509C5409D}.Debug|Any CPU.ActiveCfg = Debug|Any CPU
		{27615256-3563-46BC-8D3C-558509C5409D}.Debug|Any CPU.Build.0 = Debug|Any CPU
		{27615256-3563-46BC-8D3C-558509C5409D}.Release|Any CPU.ActiveCfg = Release|Any CPU
		{27615256-3563-46BC-8D3C-558509C5409D}.Release|Any CPU.Build.0 = Release|Any CPU
		{CB6006FE-41BB-450B-8050-2B3F07C140E6}.Debug|Any CPU.ActiveCfg = Debug|Any CPU
		{CB6006FE-41BB-450B-8050-2B3F07C140E6}.Debug|Any CPU.Build.0 = Debug|Any CPU
		{CB6006FE-41BB-450B-8050-2B3F07C140E6}.Release|Any CPU.ActiveCfg = Release|Any CPU
		{CB6006FE-41BB-450B-8050-2B3F07C140E6}.Release|Any CPU.Build.0 = Release|Any CPU
		{AB9708B7-8BAA-4739-B16D-B45DAFDA5F03}.Debug|Any CPU.ActiveCfg = Debug|Any CPU
		{AB9708B7-8BAA-4739-B16D-B45DAFDA5F03}.Debug|Any CPU.Build.0 = Debug|Any CPU
		{AB9708B7-8BAA-4739-B16D-B45DAFDA5F03}.Release|Any CPU.ActiveCfg = Release|Any CPU
		{AB9708B7-8BAA-4739-B16D-B45DAFDA5F03}.Release|Any CPU.Build.0 = Release|Any CPU
		{CB162390-D220-46BF-A794-D2F932F23157}.Debug|Any CPU.ActiveCfg = Debug|Any CPU
		{CB162390-D220-46BF-A794-D2F932F23157}.Debug|Any CPU.Build.0 = Debug|Any CPU
		{CB162390-D220-46BF-A794-D2F932F23157}.Release|Any CPU.ActiveCfg = Release|Any CPU
		{CB162390-D220-46BF-A794-D2F932F23157}.Release|Any CPU.Build.0 = Release|Any CPU
		{DBA0EDCA-3C93-449E-A7EF-F5D084ADE42B}.Debug|Any CPU.ActiveCfg = Debug|Any CPU
		{DBA0EDCA-3C93-449E-A7EF-F5D084ADE42B}.Debug|Any CPU.Build.0 = Debug|Any CPU
		{DBA0EDCA-3C93-449E-A7EF-F5D084ADE42B}.Release|Any CPU.ActiveCfg = Release|Any CPU
		{DBA0EDCA-3C93-449E-A7EF-F5D084ADE42B}.Release|Any CPU.Build.0 = Release|Any CPU
		{6BC3D87F-8A11-4369-B2F8-CA622400BA0E}.Debug|Any CPU.ActiveCfg = Debug|Any CPU
		{6BC3D87F-8A11-4369-B2F8-CA622400BA0E}.Debug|Any CPU.Build.0 = Debug|Any CPU
		{6BC3D87F-8A11-4369-B2F8-CA622400BA0E}.Release|Any CPU.ActiveCfg = Release|Any CPU
		{6BC3D87F-8A11-4369-B2F8-CA622400BA0E}.Release|Any CPU.Build.0 = Release|Any CPU
		{952B3988-B656-448A-94F5-FBBF0C766B0A}.Debug|Any CPU.ActiveCfg = Debug|Any CPU
		{952B3988-B656-448A-94F5-FBBF0C766B0A}.Debug|Any CPU.Build.0 = Debug|Any CPU
		{952B3988-B656-448A-94F5-FBBF0C766B0A}.Release|Any CPU.ActiveCfg = Release|Any CPU
		{952B3988-B656-448A-94F5-FBBF0C766B0A}.Release|Any CPU.Build.0 = Release|Any CPU
		{E8C8EC6D-2A44-4CFE-99FB-9A9FABCCE394}.Debug|Any CPU.ActiveCfg = Debug|Any CPU
		{E8C8EC6D-2A44-4CFE-99FB-9A9FABCCE394}.Debug|Any CPU.Build.0 = Debug|Any CPU
		{E8C8EC6D-2A44-4CFE-99FB-9A9FABCCE394}.Release|Any CPU.ActiveCfg = Release|Any CPU
		{E8C8EC6D-2A44-4CFE-99FB-9A9FABCCE394}.Release|Any CPU.Build.0 = Release|Any CPU
	EndGlobalSection
	GlobalSection(SolutionProperties) = preSolution
		HideSolutionNode = FALSE
	EndGlobalSection
	GlobalSection(NestedProjects) = preSolution
		{7E3CF667-CF01-43CD-8AD1-1C1995D4EDD5} = {27EBF1FC-6F0E-4A78-B090-4F225CAF70F2}
		{5CED70D5-C35D-4999-A3E3-A9FFBAF69FC1} = {27EBF1FC-6F0E-4A78-B090-4F225CAF70F2}
		{6CFAD8C1-21FD-49B5-B998-CD223DE8E266} = {27EBF1FC-6F0E-4A78-B090-4F225CAF70F2}
		{5D383577-F897-4EA1-8954-BC33C721D8F2} = {27EBF1FC-6F0E-4A78-B090-4F225CAF70F2}
		{E2B46529-6538-4597-AC37-2CC2CCB31325} = {5CED70D5-C35D-4999-A3E3-A9FFBAF69FC1}
		{27615256-3563-46BC-8D3C-558509C5409D} = {5CED70D5-C35D-4999-A3E3-A9FFBAF69FC1}
		{CB6006FE-41BB-450B-8050-2B3F07C140E6} = {6CFAD8C1-21FD-49B5-B998-CD223DE8E266}
		{AB9708B7-8BAA-4739-B16D-B45DAFDA5F03} = {6CFAD8C1-21FD-49B5-B998-CD223DE8E266}
		{CB162390-D220-46BF-A794-D2F932F23157} = {7E3CF667-CF01-43CD-8AD1-1C1995D4EDD5}
		{DBA0EDCA-3C93-449E-A7EF-F5D084ADE42B} = {CF07DC73-7369-4E64-A5DC-E8AD81220F8A}
		{6BC3D87F-8A11-4369-B2F8-CA622400BA0E} = {CF07DC73-7369-4E64-A5DC-E8AD81220F8A}
		{952B3988-B656-448A-94F5-FBBF0C766B0A} = {CF07DC73-7369-4E64-A5DC-E8AD81220F8A}
		{E8C8EC6D-2A44-4CFE-99FB-9A9FABCCE394} = {5D383577-F897-4EA1-8954-BC33C721D8F2}
	EndGlobalSection
	GlobalSection(ExtensibilityGlobals) = postSolution
		SolutionGuid = {8B0A0745-779B-4C40-B9B2-1AB1D459F7B1}
	EndGlobalSection
EndGlobal
